// !$*UTF8*$!
{
	archiveVersion = 1;
	classes = {
	};
	objectVersion = 56;
	objects = {

/* Begin PBXBuildFile section */
		1D0849522B7C24F50057E7FA /* DummyViewController.swift in Sources */ = {isa = PBXBuildFile; fileRef = 1D0849512B7C24F50057E7FA /* DummyViewController.swift */; };
		1D0849552B7EA7DB0057E7FA /* LocalState.swift in Sources */ = {isa = PBXBuildFile; fileRef = 1D0849542B7EA7DB0057E7FA /* LocalState.swift */; };
		1D8F31972B6DA84800F63AF7 /* OnboardingContainerViewController.swift in Sources */ = {isa = PBXBuildFile; fileRef = 1D8F31962B6DA84800F63AF7 /* OnboardingContainerViewController.swift */; };
		1D8F31992B6ED75500F63AF7 /* OnboardingViewController.swift in Sources */ = {isa = PBXBuildFile; fileRef = 1D8F31982B6ED75500F63AF7 /* OnboardingViewController.swift */; };
		1DE71CB42B67191D00C314E0 /* AppDelegate.swift in Sources */ = {isa = PBXBuildFile; fileRef = 1DE71CB32B67191D00C314E0 /* AppDelegate.swift */; };
		1DE71CB82B67191D00C314E0 /* LoginViewController.swift in Sources */ = {isa = PBXBuildFile; fileRef = 1DE71CB72B67191D00C314E0 /* LoginViewController.swift */; };
		1DE71CBD2B67191F00C314E0 /* Assets.xcassets in Resources */ = {isa = PBXBuildFile; fileRef = 1DE71CBC2B67191F00C314E0 /* Assets.xcassets */; };
		1DE71CC02B67191F00C314E0 /* LaunchScreen.storyboard in Resources */ = {isa = PBXBuildFile; fileRef = 1DE71CBE2B67191F00C314E0 /* LaunchScreen.storyboard */; };
		1DE71CCA2B67200000C314E0 /* LoginView.swift in Sources */ = {isa = PBXBuildFile; fileRef = 1DE71CC92B67200000C314E0 /* LoginView.swift */; };
/* End PBXBuildFile section */

/* Begin PBXFileReference section */
		1D0849512B7C24F50057E7FA /* DummyViewController.swift */ = {isa = PBXFileReference; lastKnownFileType = sourcecode.swift; path = DummyViewController.swift; sourceTree = "<group>"; };
		1D0849542B7EA7DB0057E7FA /* LocalState.swift */ = {isa = PBXFileReference; lastKnownFileType = sourcecode.swift; path = LocalState.swift; sourceTree = "<group>"; };
		1D8F31962B6DA84800F63AF7 /* OnboardingContainerViewController.swift */ = {isa = PBXFileReference; lastKnownFileType = sourcecode.swift; path = OnboardingContainerViewController.swift; sourceTree = "<group>"; };
		1D8F31982B6ED75500F63AF7 /* OnboardingViewController.swift */ = {isa = PBXFileReference; lastKnownFileType = sourcecode.swift; path = OnboardingViewController.swift; sourceTree = "<group>"; };
		1DE71CB02B67191D00C314E0 /* Banky.app */ = {isa = PBXFileReference; explicitFileType = wrapper.application; includeInIndex = 0; path = Banky.app; sourceTree = BUILT_PRODUCTS_DIR; };
		1DE71CB32B67191D00C314E0 /* AppDelegate.swift */ = {isa = PBXFileReference; lastKnownFileType = sourcecode.swift; path = AppDelegate.swift; sourceTree = "<group>"; };
		1DE71CB72B67191D00C314E0 /* LoginViewController.swift */ = {isa = PBXFileReference; lastKnownFileType = sourcecode.swift; path = LoginViewController.swift; sourceTree = "<group>"; };
		1DE71CBC2B67191F00C314E0 /* Assets.xcassets */ = {isa = PBXFileReference; lastKnownFileType = folder.assetcatalog; path = Assets.xcassets; sourceTree = "<group>"; };
		1DE71CBF2B67191F00C314E0 /* Base */ = {isa = PBXFileReference; lastKnownFileType = file.storyboard; name = Base; path = Base.lproj/LaunchScreen.storyboard; sourceTree = "<group>"; };
		1DE71CC12B67191F00C314E0 /* Info.plist */ = {isa = PBXFileReference; lastKnownFileType = text.plist.xml; path = Info.plist; sourceTree = "<group>"; };
		1DE71CC92B67200000C314E0 /* LoginView.swift */ = {isa = PBXFileReference; lastKnownFileType = sourcecode.swift; path = LoginView.swift; sourceTree = "<group>"; };
/* End PBXFileReference section */

/* Begin PBXFrameworksBuildPhase section */
		1DE71CAD2B67191D00C314E0 /* Frameworks */ = {
			isa = PBXFrameworksBuildPhase;
			buildActionMask = 2147483647;
			files = (
			);
			runOnlyForDeploymentPostprocessing = 0;
		};
/* End PBXFrameworksBuildPhase section */

/* Begin PBXGroup section */
		1D0849532B7EA7980057E7FA /* Utils */ = {
			isa = PBXGroup;
			children = (
				1D0849542B7EA7DB0057E7FA /* LocalState.swift */,
			);
			path = Utils;
			sourceTree = "<group>";
		};
		1D8F31952B6DA7E400F63AF7 /* Onboarding */ = {
			isa = PBXGroup;
			children = (
				1D8F31962B6DA84800F63AF7 /* OnboardingContainerViewController.swift */,
				1D8F31982B6ED75500F63AF7 /* OnboardingViewController.swift */,
			);
			path = Onboarding;
			sourceTree = "<group>";
		};
		1DE71CA72B67191D00C314E0 = {
			isa = PBXGroup;
			children = (
				1DE71CB22B67191D00C314E0 /* Banky */,
				1DE71CB12B67191D00C314E0 /* Products */,
			);
			sourceTree = "<group>";
		};
		1DE71CB12B67191D00C314E0 /* Products */ = {
			isa = PBXGroup;
			children = (
				1DE71CB02B67191D00C314E0 /* Banky.app */,
			);
			name = Products;
			sourceTree = "<group>";
		};
		1DE71CB22B67191D00C314E0 /* Banky */ = {
			isa = PBXGroup;
			children = (
				1D0849532B7EA7980057E7FA /* Utils */,
				1D8F31952B6DA7E400F63AF7 /* Onboarding */,
				1DE71CC72B671EE200C314E0 /* Files */,
				1DE71CC82B671F6800C314E0 /* Login */,
				1DE71CB32B67191D00C314E0 /* AppDelegate.swift */,
			);
			path = Banky;
			sourceTree = "<group>";
		};
		1DE71CC72B671EE200C314E0 /* Files */ = {
			isa = PBXGroup;
			children = (
				1DE71CBC2B67191F00C314E0 /* Assets.xcassets */,
				1DE71CBE2B67191F00C314E0 /* LaunchScreen.storyboard */,
				1DE71CC12B67191F00C314E0 /* Info.plist */,
			);
			name = Files;
			sourceTree = "<group>";
		};
		1DE71CC82B671F6800C314E0 /* Login */ = {
			isa = PBXGroup;
			children = (
				1DE71CB72B67191D00C314E0 /* LoginViewController.swift */,
				1DE71CC92B67200000C314E0 /* LoginView.swift */,
				1D0849512B7C24F50057E7FA /* DummyViewController.swift */,
			);
			path = Login;
			sourceTree = "<group>";
		};
/* End PBXGroup section */

/* Begin PBXNativeTarget section */
		1DE71CAF2B67191D00C314E0 /* Banky */ = {
			isa = PBXNativeTarget;
			buildConfigurationList = 1DE71CC42B67191F00C314E0 /* Build configuration list for PBXNativeTarget "Banky" */;
			buildPhases = (
				1DE71CAC2B67191D00C314E0 /* Sources */,
				1DE71CAD2B67191D00C314E0 /* Frameworks */,
				1DE71CAE2B67191D00C314E0 /* Resources */,
			);
			buildRules = (
			);
			dependencies = (
			);
			name = Banky;
			productName = Banky;
			productReference = 1DE71CB02B67191D00C314E0 /* Banky.app */;
			productType = "com.apple.product-type.application";
		};
/* End PBXNativeTarget section */

/* Begin PBXProject section */
		1DE71CA82B67191D00C314E0 /* Project object */ = {
			isa = PBXProject;
			attributes = {
				BuildIndependentTargetsInParallel = 1;
				LastSwiftUpdateCheck = 1500;
				LastUpgradeCheck = 1500;
				TargetAttributes = {
					1DE71CAF2B67191D00C314E0 = {
						CreatedOnToolsVersion = 15.0;
					};
				};
			};
			buildConfigurationList = 1DE71CAB2B67191D00C314E0 /* Build configuration list for PBXProject "Banky" */;
			compatibilityVersion = "Xcode 14.0";
			developmentRegion = en;
			hasScannedForEncodings = 0;
			knownRegions = (
				en,
				Base,
			);
			mainGroup = 1DE71CA72B67191D00C314E0;
			productRefGroup = 1DE71CB12B67191D00C314E0 /* Products */;
			projectDirPath = "";
			projectRoot = "";
			targets = (
				1DE71CAF2B67191D00C314E0 /* Banky */,
			);
		};
/* End PBXProject section */

/* Begin PBXResourcesBuildPhase section */
		1DE71CAE2B67191D00C314E0 /* Resources */ = {
			isa = PBXResourcesBuildPhase;
			buildActionMask = 2147483647;
			files = (
				1DE71CC02B67191F00C314E0 /* LaunchScreen.storyboard in Resources */,
				1DE71CBD2B67191F00C314E0 /* Assets.xcassets in Resources */,
			);
			runOnlyForDeploymentPostprocessing = 0;
		};
/* End PBXResourcesBuildPhase section */

/* Begin PBXSourcesBuildPhase section */
		1DE71CAC2B67191D00C314E0 /* Sources */ = {
			isa = PBXSourcesBuildPhase;
			buildActionMask = 2147483647;
			files = (
				1DE71CCA2B67200000C314E0 /* LoginView.swift in Sources */,
				1D0849552B7EA7DB0057E7FA /* LocalState.swift in Sources */,
				1D0849522B7C24F50057E7FA /* DummyViewController.swift in Sources */,
				1DE71CB82B67191D00C314E0 /* LoginViewController.swift in Sources */,
				1D8F31992B6ED75500F63AF7 /* OnboardingViewController.swift in Sources */,
				1DE71CB42B67191D00C314E0 /* AppDelegate.swift in Sources */,
				1D8F31972B6DA84800F63AF7 /* OnboardingContainerViewController.swift in Sources */,
			);
			runOnlyForDeploymentPostprocessing = 0;
		};
/* End PBXSourcesBuildPhase section */

/* Begin PBXVariantGroup section */
		1DE71CBE2B67191F00C314E0 /* LaunchScreen.storyboard */ = {
			isa = PBXVariantGroup;
			children = (
				1DE71CBF2B67191F00C314E0 /* Base */,
			);
			name = LaunchScreen.storyboard;
			sourceTree = "<group>";
		};
/* End PBXVariantGroup section */

/* Begin XCBuildConfiguration section */
		1DE71CC22B67191F00C314E0 /* Debug */ = {
			isa = XCBuildConfiguration;
			buildSettings = {
				ALWAYS_SEARCH_USER_PATHS = NO;
				ASSETCATALOG_COMPILER_GENERATE_SWIFT_ASSET_SYMBOL_EXTENSIONS = YES;
				CLANG_ANALYZER_NONNULL = YES;
				CLANG_ANALYZER_NUMBER_OBJECT_CONVERSION = YES_AGGRESSIVE;
				CLANG_CXX_LANGUAGE_STANDARD = "gnu++20";
				CLANG_ENABLE_MODULES = YES;
				CLANG_ENABLE_OBJC_ARC = YES;
				CLANG_ENABLE_OBJC_WEAK = YES;
				CLANG_WARN_BLOCK_CAPTURE_AUTORELEASING = YES;
				CLANG_WARN_BOOL_CONVERSION = YES;
				CLANG_WARN_COMMA = YES;
				CLANG_WARN_CONSTANT_CONVERSION = YES;
				CLANG_WARN_DEPRECATED_OBJC_IMPLEMENTATIONS = YES;
				CLANG_WARN_DIRECT_OBJC_ISA_USAGE = YES_ERROR;
				CLANG_WARN_DOCUMENTATION_COMMENTS = YES;
				CLANG_WARN_EMPTY_BODY = YES;
				CLANG_WARN_ENUM_CONVERSION = YES;
				CLANG_WARN_INFINITE_RECURSION = YES;
				CLANG_WARN_INT_CONVERSION = YES;
				CLANG_WARN_NON_LITERAL_NULL_CONVERSION = YES;
				CLANG_WARN_OBJC_IMPLICIT_RETAIN_SELF = YES;
				CLANG_WARN_OBJC_LITERAL_CONVERSION = YES;
				CLANG_WARN_OBJC_ROOT_CLASS = YES_ERROR;
				CLANG_WARN_QUOTED_INCLUDE_IN_FRAMEWORK_HEADER = YES;
				CLANG_WARN_RANGE_LOOP_ANALYSIS = YES;
				CLANG_WARN_STRICT_PROTOTYPES = YES;
				CLANG_WARN_SUSPICIOUS_MOVE = YES;
				CLANG_WARN_UNGUARDED_AVAILABILITY = YES_AGGRESSIVE;
				CLANG_WARN_UNREACHABLE_CODE = YES;
				CLANG_WARN__DUPLICATE_METHOD_MATCH = YES;
				COPY_PHASE_STRIP = NO;
				DEBUG_INFORMATION_FORMAT = dwarf;
				ENABLE_STRICT_OBJC_MSGSEND = YES;
				ENABLE_TESTABILITY = YES;
				ENABLE_USER_SCRIPT_SANDBOXING = YES;
				GCC_C_LANGUAGE_STANDARD = gnu17;
				GCC_DYNAMIC_NO_PIC = NO;
				GCC_NO_COMMON_BLOCKS = YES;
				GCC_OPTIMIZATION_LEVEL = 0;
				GCC_PREPROCESSOR_DEFINITIONS = (
					"DEBUG=1",
					"$(inherited)",
				);
				GCC_WARN_64_TO_32_BIT_CONVERSION = YES;
				GCC_WARN_ABOUT_RETURN_TYPE = YES_ERROR;
				GCC_WARN_UNDECLARED_SELECTOR = YES;
				GCC_WARN_UNINITIALIZED_AUTOS = YES_AGGRESSIVE;
				GCC_WARN_UNUSED_FUNCTION = YES;
				GCC_WARN_UNUSED_VARIABLE = YES;
				IPHONEOS_DEPLOYMENT_TARGET = 17.0;
				LOCALIZATION_PREFERS_STRING_CATALOGS = YES;
				MTL_ENABLE_DEBUG_INFO = INCLUDE_SOURCE;
				MTL_FAST_MATH = YES;
				ONLY_ACTIVE_ARCH = YES;
				SDKROOT = iphoneos;
				SWIFT_ACTIVE_COMPILATION_CONDITIONS = "DEBUG $(inherited)";
				SWIFT_OPTIMIZATION_LEVEL = "-Onone";
			};
			name = Debug;
		};
		1DE71CC32B67191F00C314E0 /* Release */ = {
			isa = XCBuildConfiguration;
			buildSettings = {
				ALWAYS_SEARCH_USER_PATHS = NO;
				ASSETCATALOG_COMPILER_GENERATE_SWIFT_ASSET_SYMBOL_EXTENSIONS = YES;
				CLANG_ANALYZER_NONNULL = YES;
				CLANG_ANALYZER_NUMBER_OBJECT_CONVERSION = YES_AGGRESSIVE;
				CLANG_CXX_LANGUAGE_STANDARD = "gnu++20";
				CLANG_ENABLE_MODULES = YES;
				CLANG_ENABLE_OBJC_ARC = YES;
				CLANG_ENABLE_OBJC_WEAK = YES;
				CLANG_WARN_BLOCK_CAPTURE_AUTORELEASING = YES;
				CLANG_WARN_BOOL_CONVERSION = YES;
				CLANG_WARN_COMMA = YES;
				CLANG_WARN_CONSTANT_CONVERSION = YES;
				CLANG_WARN_DEPRECATED_OBJC_IMPLEMENTATIONS = YES;
				CLANG_WARN_DIRECT_OBJC_ISA_USAGE = YES_ERROR;
				CLANG_WARN_DOCUMENTATION_COMMENTS = YES;
				CLANG_WARN_EMPTY_BODY = YES;
				CLANG_WARN_ENUM_CONVERSION = YES;
				CLANG_WARN_INFINITE_RECURSION = YES;
				CLANG_WARN_INT_CONVERSION = YES;
				CLANG_WARN_NON_LITERAL_NULL_CONVERSION = YES;
				CLANG_WARN_OBJC_IMPLICIT_RETAIN_SELF = YES;
				CLANG_WARN_OBJC_LITERAL_CONVERSION = YES;
				CLANG_WARN_OBJC_ROOT_CLASS = YES_ERROR;
				CLANG_WARN_QUOTED_INCLUDE_IN_FRAMEWORK_HEADER = YES;
				CLANG_WARN_RANGE_LOOP_ANALYSIS = YES;
				CLANG_WARN_STRICT_PROTOTYPES = YES;
				CLANG_WARN_SUSPICIOUS_MOVE = YES;
				CLANG_WARN_UNGUARDED_AVAILABILITY = YES_AGGRESSIVE;
				CLANG_WARN_UNREACHABLE_CODE = YES;
				CLANG_WARN__DUPLICATE_METHOD_MATCH = YES;
				COPY_PHASE_STRIP = NO;
				DEBUG_INFORMATION_FORMAT = "dwarf-with-dsym";
				ENABLE_NS_ASSERTIONS = NO;
				ENABLE_STRICT_OBJC_MSGSEND = YES;
				ENABLE_USER_SCRIPT_SANDBOXING = YES;
				GCC_C_LANGUAGE_STANDARD = gnu17;
				GCC_NO_COMMON_BLOCKS = YES;
				GCC_WARN_64_TO_32_BIT_CONVERSION = YES;
				GCC_WARN_ABOUT_RETURN_TYPE = YES_ERROR;
				GCC_WARN_UNDECLARED_SELECTOR = YES;
				GCC_WARN_UNINITIALIZED_AUTOS = YES_AGGRESSIVE;
				GCC_WARN_UNUSED_FUNCTION = YES;
				GCC_WARN_UNUSED_VARIABLE = YES;
				IPHONEOS_DEPLOYMENT_TARGET = 17.0;
				LOCALIZATION_PREFERS_STRING_CATALOGS = YES;
				MTL_ENABLE_DEBUG_INFO = NO;
				MTL_FAST_MATH = YES;
				SDKROOT = iphoneos;
				SWIFT_COMPILATION_MODE = wholemodule;
				VALIDATE_PRODUCT = YES;
			};
			name = Release;
		};
		1DE71CC52B67191F00C314E0 /* Debug */ = {
			isa = XCBuildConfiguration;
			buildSettings = {
				ASSETCATALOG_COMPILER_APPICON_NAME = AppIcon;
				ASSETCATALOG_COMPILER_GLOBAL_ACCENT_COLOR_NAME = AccentColor;
				CODE_SIGN_STYLE = Automatic;
				CURRENT_PROJECT_VERSION = 1;
				DEVELOPMENT_TEAM = GM49MH5V3Q;
				GENERATE_INFOPLIST_FILE = YES;
				INFOPLIST_FILE = Banky/Info.plist;
				INFOPLIST_KEY_UIApplicationSupportsIndirectInputEvents = YES;
				INFOPLIST_KEY_UILaunchStoryboardName = LaunchScreen;
				INFOPLIST_KEY_UISupportedInterfaceOrientations_iPad = "UIInterfaceOrientationPortrait UIInterfaceOrientationPortraitUpsideDown UIInterfaceOrientationLandscapeLeft UIInterfaceOrientationLandscapeRight";
				INFOPLIST_KEY_UISupportedInterfaceOrientations_iPhone = "UIInterfaceOrientationPortrait UIInterfaceOrientationLandscapeLeft UIInterfaceOrientationLandscapeRight";
				LD_RUNPATH_SEARCH_PATHS = (
					"$(inherited)",
					"@executable_path/Frameworks",
				);
				MARKETING_VERSION = 1.0;
				PRODUCT_BUNDLE_IDENTIFIER = "risingsun66-gmail.com.Banky";
				PRODUCT_NAME = "$(TARGET_NAME)";
				SWIFT_EMIT_LOC_STRINGS = YES;
				SWIFT_VERSION = 5.0;
				TARGETED_DEVICE_FAMILY = "1,2";
			};
			name = Debug;
		};
		1DE71CC62B67191F00C314E0 /* Release */ = {
			isa = XCBuildConfiguration;
			buildSettings = {
				ASSETCATALOG_COMPILER_APPICON_NAME = AppIcon;
				ASSETCATALOG_COMPILER_GLOBAL_ACCENT_COLOR_NAME = AccentColor;
				CODE_SIGN_STYLE = Automatic;
				CURRENT_PROJECT_VERSION = 1;
				DEVELOPMENT_TEAM = GM49MH5V3Q;
				GENERATE_INFOPLIST_FILE = YES;
				INFOPLIST_FILE = Banky/Info.plist;
				INFOPLIST_KEY_UIApplicationSupportsIndirectInputEvents = YES;
				INFOPLIST_KEY_UILaunchStoryboardName = LaunchScreen;
				INFOPLIST_KEY_UISupportedInterfaceOrientations_iPad = "UIInterfaceOrientationPortrait UIInterfaceOrientationPortraitUpsideDown UIInterfaceOrientationLandscapeLeft UIInterfaceOrientationLandscapeRight";
				INFOPLIST_KEY_UISupportedInterfaceOrientations_iPhone = "UIInterfaceOrientationPortrait UIInterfaceOrientationLandscapeLeft UIInterfaceOrientationLandscapeRight";
				LD_RUNPATH_SEARCH_PATHS = (
					"$(inherited)",
					"@executable_path/Frameworks",
				);
				MARKETING_VERSION = 1.0;
				PRODUCT_BUNDLE_IDENTIFIER = "risingsun66-gmail.com.Banky";
				PRODUCT_NAME = "$(TARGET_NAME)";
				SWIFT_EMIT_LOC_STRINGS = YES;
				SWIFT_VERSION = 5.0;
				TARGETED_DEVICE_FAMILY = "1,2";
			};
			name = Release;
		};
/* End XCBuildConfiguration section */

/* Begin XCConfigurationList section */
		1DE71CAB2B67191D00C314E0 /* Build configuration list for PBXProject "Banky" */ = {
			isa = XCConfigurationList;
			buildConfigurations = (
				1DE71CC22B67191F00C314E0 /* Debug */,
				1DE71CC32B67191F00C314E0 /* Release */,
			);
			defaultConfigurationIsVisible = 0;
			defaultConfigurationName = Release;
		};
		1DE71CC42B67191F00C314E0 /* Build configuration list for PBXNativeTarget "Banky" */ = {
			isa = XCConfigurationList;
			buildConfigurations = (
				1DE71CC52B67191F00C314E0 /* Debug */,
				1DE71CC62B67191F00C314E0 /* Release */,
			);
			defaultConfigurationIsVisible = 0;
			defaultConfigurationName = Release;
		};
/* End XCConfigurationList section */
	};
	rootObject = 1DE71CA82B67191D00C314E0 /* Project object */;
}
